
Microsoft Visual Studio Solution File, Format Version 12.00
# Visual Studio 2012
Project("{FAE04EC0-301F-11D3-BF4B-00C04F79EFBC}") = "ObjectTransferWCF", "ObjectTransferWCF\ObjectTransferWCF.csproj", "{26F371D8-C0B2-42CE-BD30-2EF1F1CC734B}"
EndProject
Project("{FAE04EC0-301F-11D3-BF4B-00C04F79EFBC}") = "Service.Host", "..\Service.Host\Service.Host\Service.Host.csproj", "{B312F1C8-D99B-49A1-8BA4-3C9EA4B98525}"
	ProjectSection(ProjectDependencies) = postProject
		{26F371D8-C0B2-42CE-BD30-2EF1F1CC734B} = {26F371D8-C0B2-42CE-BD30-2EF1F1CC734B}
	EndProjectSection
EndProject
Global
	GlobalSection(SolutionConfigurationPlatforms) = preSolution
		Debug|Any CPU = Debug|Any CPU
		Debug|x64 = Debug|x64
		Release|Any CPU = Release|Any CPU
		Release|x64 = Release|x64
	EndGlobalSection
	GlobalSection(ProjectConfigurationPlatforms) = postSolution
		{26F371D8-C0B2-42CE-BD30-2EF1F1CC734B}.Debug|Any CPU.ActiveCfg = Debug|Any CPU
		{26F371D8-C0B2-42CE-BD30-2EF1F1CC734B}.Debug|Any CPU.Build.0 = Debug|Any CPU
		{26F371D8-C0B2-42CE-BD30-2EF1F1CC734B}.Debug|x64.ActiveCfg = Debug|x64
		{26F371D8-C0B2-42CE-BD30-2EF1F1CC734B}.Debug|x64.Build.0 = Debug|x64
		{26F371D8-C0B2-42CE-BD30-2EF1F1CC734B}.Release|Any CPU.ActiveCfg = Release|Any CPU
		{26F371D8-C0B2-42CE-BD30-2EF1F1CC734B}.Release|Any CPU.Build.0 = Release|Any CPU
		{26F371D8-C0B2-42CE-BD30-2EF1F1CC734B}.Release|x64.ActiveCfg = Release|x64
		{26F371D8-C0B2-42CE-BD30-2EF1F1CC734B}.Release|x64.Build.0 = Release|x64
		{B312F1C8-D99B-49A1-8BA4-3C9EA4B98525}.Debug|Any CPU.ActiveCfg = Debug|Any CPU
		{B312F1C8-D99B-49A1-8BA4-3C9EA4B98525}.Debug|Any CPU.Build.0 = Debug|Any CPU
		{B312F1C8-D99B-49A1-8BA4-3C9EA4B98525}.Debug|x64.ActiveCfg = Debug|x64
		{B312F1C8-D99B-49A1-8BA4-3C9EA4B98525}.Debug|x64.Build.0 = Debug|x64
		{B312F1C8-D99B-49A1-8BA4-3C9EA4B98525}.Release|Any CPU.ActiveCfg = Release|Any CPU
		{B312F1C8-D99B-49A1-8BA4-3C9EA4B98525}.Release|Any CPU.Build.0 = Release|Any CPU
		{B312F1C8-D99B-49A1-8BA4-3C9EA4B98525}.Release|x64.ActiveCfg = Release|x64
		{B312F1C8-D99B-49A1-8BA4-3C9EA4B98525}.Release|x64.Build.0 = Release|x64
		{B312F1C8-D99B-49A1-8BA4-3C9EA4B98525}.Release|x64.Deploy.0 = Release|x64
	EndGlobalSection
	GlobalSection(SolutionProperties) = preSolution
		HideSolutionNode = FALSE
	EndGlobalSection
EndGlobal
